Microsoft Visual Studio Solution File, Format Version 12.00
# Visual Studio Version 17
VisualStudioVersion = 17.3.32825.248
MinimumVisualStudioVersion = 10.0.40219.1
Project("{9A19103F-16F7-4668-BE54-9A1E7A4F7556}") = "PortingAssistant.Client.CLI", "src\PortingAssistant.Client\PortingAssistant.Client.CLI.csproj", "{E10A97D6-15E7-48F9-8414-8963ED325620}"
EndProject
Project("{9A19103F-16F7-4668-BE54-9A1E7A4F7556}") = "PortingAssistant.Client.Common", "src\PortingAssistant.Client.Common\PortingAssistant.Client.Common.csproj", "{73463208-681B-47A9-A73F-65DD37CACBCC}"
EndProject
Project("{9A19103F-16F7-4668-BE54-9A1E7A4F7556}") = "PortingAssistant.Client.Client", "src\PortingAssistant.Client.Client\PortingAssistant.Client.Client.csproj", "{DEC7CBB8-ADE8-47E6-96FF-79F39B26E402}"
EndProject
Project("{9A19103F-16F7-4668-BE54-9A1E7A4F7556}") = "PortingAssistant.Client.NuGet", "src\PortingAssistant.Client.NuGet\PortingAssistant.Client.NuGet.csproj", "{492A6A84-872D-4963-9EF2-A6F75B2C8DA7}"
EndProject
Project("{9A19103F-16F7-4668-BE54-9A1E7A4F7556}") = "PortingAssistant.Client.Porting", "src\PortingAssistant.Client.Porting\PortingAssistant.Client.Porting.csproj", "{B2B0C493-D9F5-4512-AA84-F9658ABBF872}"
EndProject
Project("{9A19103F-16F7-4668-BE54-9A1E7A4F7556}") = "PortingAssistant.Client.Analysis", "src\PortingAssistant.Client.Analysis\PortingAssistant.Client.Analysis.csproj", "{B6CB9EA2-85B1-4CBE-BCB2-A3583D74A1DD}"
EndProject
Project("{9A19103F-16F7-4668-BE54-9A1E7A4F7556}") = "PortingAssistant.Client.IntegrationTests", "tests\PortingAssistant.Client.IntegrationTests\PortingAssistant.Client.IntegrationTests.csproj", "{7F4E8154-19ED-4008-841A-CA463145156D}"
EndProject
Project("{9A19103F-16F7-4668-BE54-9A1E7A4F7556}") = "PortingAssistant.Client.UnitTests", "tests\PortingAssistant.Client.UnitTests\PortingAssistant.Client.UnitTests.csproj", "{DC046552-C0F6-475E-8593-3F81A7BCD47F}"
EndProject
Project("{9A19103F-16F7-4668-BE54-9A1E7A4F7556}") = "PortingAssistant.Client.Telemetry", "src\PortingAssistant.Client.Telemetry\PortingAssistant.Client.Telemetry.csproj", "{DB27CDC7-8785-4D5B-B94E-AE6F4B2EA8F7}"
EndProject
Project("{9A19103F-16F7-4668-BE54-9A1E7A4F7556}") = "Codelyzer.Analysis", "..\codelyzer\src\Analysis\Codelyzer.Analysis\Codelyzer.Analysis.csproj", "{9A48A549-18E3-40B4-AD4F-01E01541DB82}"
EndProject
Project("{9A19103F-16F7-4668-BE54-9A1E7A4F7556}") = "CTA.FeatureDetection.AuthType", "..\cta\src\CTA.FeatureDetection.AuthType\CTA.FeatureDetection.AuthType.csproj", "{DDE54B48-71E4-4C1A-BB19-72DC8D5F38C2}"
EndProject
Project("{2150E333-8FDC-42A3-9474-1A3956D46DE8}") = "CTA", "CTA", "{6D274B48-9E97-4D13-984C-C9EA7B8F227C}"
EndProject
Project("{2150E333-8FDC-42A3-9474-1A3956D46DE8}") = "Codelyzer", "Codelyzer", "{9E860381-481A-4F59-9B7F-0A75A389324E}"
EndProject
Project("{9A19103F-16F7-4668-BE54-9A1E7A4F7556}") = "Codelyzer.Analysis.Build", "..\codelyzer\src\Analysis\Codelyzer.Analysis.Build\Codelyzer.Analysis.Build.csproj", "{95C6775A-6361-44DF-B4E5-95700F0658BF}"
EndProject
Project("{9A19103F-16F7-4668-BE54-9A1E7A4F7556}") = "Codelyzer.Analysis.Common", "..\codelyzer\src\Analysis\Codelyzer.Analysis.Common\Codelyzer.Analysis.Common.csproj", "{123D4B48-D1E0-42C6-BFD4-6ED5F4457B4A}"
EndProject
Project("{9A19103F-16F7-4668-BE54-9A1E7A4F7556}") = "Codelyzer.Analysis.CSharp", "..\codelyzer\src\Analysis\Codelyzer.Analysis.CSharp\Codelyzer.Analysis.CSharp.csproj", "{D95009F7-0177-4078-96A6-16FF27B5DA22}"
EndProject
Project("{9A19103F-16F7-4668-BE54-9A1E7A4F7556}") = "Codelyzer.Analysis.Model", "..\codelyzer\src\Analysis\Codelyzer.Analysis.Model\Codelyzer.Analysis.Model.csproj", "{70278D2A-3D03-4131-8FBF-B36520A34ED3}"
EndProject
Project("{9A19103F-16F7-4668-BE54-9A1E7A4F7556}") = "Codelyzer.Analysis.VisualBasic", "..\codelyzer\src\Analysis\Codelyzer.Analysis.VisualBasic\Codelyzer.Analysis.VisualBasic.csproj", "{C83377DE-EEA0-4F17-BC2C-3B14ECBF88D3}"
EndProject
Project("{9A19103F-16F7-4668-BE54-9A1E7A4F7556}") = "CTA.FeatureDetection", "..\cta\src\CTA.FeatureDetection\CTA.FeatureDetection.csproj", "{6822F056-5387-4E80-9648-8BE9F4288E09}"
EndProject
Project("{9A19103F-16F7-4668-BE54-9A1E7A4F7556}") = "CTA.FeatureDetection.Common", "..\cta\src\CTA.FeatureDetection.Common\CTA.FeatureDetection.Common.csproj", "{94DDFED2-EBB6-407F-BA59-A35F278D2A1F}"
EndProject
Project("{9A19103F-16F7-4668-BE54-9A1E7A4F7556}") = "CTA.FeatureDetection.Load", "..\cta\src\CTA.FeatureDetection.Load\CTA.FeatureDetection.Load.csproj", "{8C377B8F-7F21-418F-A6F4-72D5370F26FE}"
EndProject
Project("{9A19103F-16F7-4668-BE54-9A1E7A4F7556}") = "CTA.FeatureDetection.ProjectType", "..\cta\src\CTA.FeatureDetection.ProjectType\CTA.FeatureDetection.ProjectType.csproj", "{020A20C4-942F-4DBB-90E0-6BB1AD4084A0}"
EndProject
Project("{9A19103F-16F7-4668-BE54-9A1E7A4F7556}") = "CTA.Rules.Actions", "..\cta\src\CTA.Rules.Actions\CTA.Rules.Actions.csproj", "{1225991E-E980-4FF6-B462-D9F6784A1925}"
EndProject
Project("{9A19103F-16F7-4668-BE54-9A1E7A4F7556}") = "CTA.Rules.Analysis", "..\cta\src\CTA.Rules.Analysis\CTA.Rules.Analysis.csproj", "{60D95D04-DA08-46E5-85EA-C5E9CFFAE545}"
EndProject
Project("{9A19103F-16F7-4668-BE54-9A1E7A4F7556}") = "CTA.Rules.Common", "..\cta\src\CTA.Rules.Common\CTA.Rules.Common.csproj", "{7721316B-4C48-4C59-8939-CFAC7CA074CE}"
EndProject
Project("{9A19103F-16F7-4668-BE54-9A1E7A4F7556}") = "CTA.Rules.Config", "..\cta\src\CTA.Rules.Config\CTA.Rules.Config.csproj", "{E2396A8F-25B7-4890-84F0-EEBC2B68A14B}"
EndProject
Project("{9A19103F-16F7-4668-BE54-9A1E7A4F7556}") = "CTA.Rules.Metrics", "..\cta\src\CTA.Rules.Metrics\CTA.Rules.Metrics.csproj", "{ACE86EC8-919E-4E74-9BB6-B8E4EFA9B85B}"
EndProject
Project("{9A19103F-16F7-4668-BE54-9A1E7A4F7556}") = "CTA.Rules.Models", "..\cta\src\CTA.Rules.Models\CTA.Rules.Models.csproj", "{2EB8C332-5927-4983-B639-21D383710FCC}"
EndProject
Project("{9A19103F-16F7-4668-BE54-9A1E7A4F7556}") = "CTA.Rules.PortCore", "..\cta\src\CTA.Rules.PortCore\CTA.Rules.PortCore.csproj", "{92BE0D01-D895-46DC-BC4E-0DD03B2740E6}"
EndProject
Project("{9A19103F-16F7-4668-BE54-9A1E7A4F7556}") = "CTA.Rules.ProjectFile", "..\cta\src\CTA.Rules.ProjectFile\CTA.Rules.ProjectFile.csproj", "{C14F0598-EB07-4909-AEB3-6304D0DA903A}"
EndProject
Project("{9A19103F-16F7-4668-BE54-9A1E7A4F7556}") = "CTA.Rules.ProjectStructure", "..\cta\src\CTA.Rules.ProjectStructure\CTA.Rules.ProjectStructure.csproj", "{C9126177-69A1-4E72-A75D-6F93D864CDAB}"
EndProject
Project("{9A19103F-16F7-4668-BE54-9A1E7A4F7556}") = "CTA.Rules.RuleFiles", "..\cta\src\CTA.Rules.RuleFiles\CTA.Rules.RuleFiles.csproj", "{6F1D1036-9423-4D65-BD9A-0CB4A345C19A}"
EndProject
Project("{9A19103F-16F7-4668-BE54-9A1E7A4F7556}") = "CTA.Rules.Update", "..\cta\src\CTA.Rules.Update\CTA.Rules.Update.csproj", "{27847265-2109-432E-B134-B4DE77DDDADB}"
EndProject
Project("{9A19103F-16F7-4668-BE54-9A1E7A4F7556}") = "CTA.WebForms", "..\cta\src\CTA.WebForms\CTA.WebForms.csproj", "{373C885A-57ED-48EB-8DCD-6BB446D68351}"
EndProject
Global
	GlobalSection(SolutionConfigurationPlatforms) = preSolution
		Debug|Any CPU = Debug|Any CPU
		Release|Any CPU = Release|Any CPU
	EndGlobalSection
	GlobalSection(ProjectConfigurationPlatforms) = postSolution
		{E10A97D6-15E7-48F9-8414-8963ED325620}.Debug|Any CPU.ActiveCfg = Debug|Any CPU
		{E10A97D6-15E7-48F9-8414-8963ED325620}.Debug|Any CPU.Build.0 = Debug|Any CPU
		{E10A97D6-15E7-48F9-8414-8963ED325620}.Release|Any CPU.ActiveCfg = Release|Any CPU
		{E10A97D6-15E7-48F9-8414-8963ED325620}.Release|Any CPU.Build.0 = Release|Any CPU
		{73463208-681B-47A9-A73F-65DD37CACBCC}.Debug|Any CPU.ActiveCfg = Debug|Any CPU
		{73463208-681B-47A9-A73F-65DD37CACBCC}.Debug|Any CPU.Build.0 = Debug|Any CPU
		{73463208-681B-47A9-A73F-65DD37CACBCC}.Release|Any CPU.ActiveCfg = Release|Any CPU
		{73463208-681B-47A9-A73F-65DD37CACBCC}.Release|Any CPU.Build.0 = Release|Any CPU
		{DEC7CBB8-ADE8-47E6-96FF-79F39B26E402}.Debug|Any CPU.ActiveCfg = Debug|Any CPU
		{DEC7CBB8-ADE8-47E6-96FF-79F39B26E402}.Debug|Any CPU.Build.0 = Debug|Any CPU
		{DEC7CBB8-ADE8-47E6-96FF-79F39B26E402}.Release|Any CPU.ActiveCfg = Release|Any CPU
		{DEC7CBB8-ADE8-47E6-96FF-79F39B26E402}.Release|Any CPU.Build.0 = Release|Any CPU
		{492A6A84-872D-4963-9EF2-A6F75B2C8DA7}.Debug|Any CPU.ActiveCfg = Debug|Any CPU
		{492A6A84-872D-4963-9EF2-A6F75B2C8DA7}.Debug|Any CPU.Build.0 = Debug|Any CPU
		{492A6A84-872D-4963-9EF2-A6F75B2C8DA7}.Release|Any CPU.ActiveCfg = Release|Any CPU
		{492A6A84-872D-4963-9EF2-A6F75B2C8DA7}.Release|Any CPU.Build.0 = Release|Any CPU
		{B2B0C493-D9F5-4512-AA84-F9658ABBF872}.Debug|Any CPU.ActiveCfg = Debug|Any CPU
		{B2B0C493-D9F5-4512-AA84-F9658ABBF872}.Debug|Any CPU.Build.0 = Debug|Any CPU
		{B2B0C493-D9F5-4512-AA84-F9658ABBF872}.Release|Any CPU.ActiveCfg = Release|Any CPU
		{B2B0C493-D9F5-4512-AA84-F9658ABBF872}.Release|Any CPU.Build.0 = Release|Any CPU
		{B6CB9EA2-85B1-4CBE-BCB2-A3583D74A1DD}.Debug|Any CPU.ActiveCfg = Debug|Any CPU
		{B6CB9EA2-85B1-4CBE-BCB2-A3583D74A1DD}.Debug|Any CPU.Build.0 = Debug|Any CPU
		{B6CB9EA2-85B1-4CBE-BCB2-A3583D74A1DD}.Release|Any CPU.ActiveCfg = Release|Any CPU
		{B6CB9EA2-85B1-4CBE-BCB2-A3583D74A1DD}.Release|Any CPU.Build.0 = Release|Any CPU
		{7F4E8154-19ED-4008-841A-CA463145156D}.Debug|Any CPU.ActiveCfg = Debug|Any CPU
		{7F4E8154-19ED-4008-841A-CA463145156D}.Debug|Any CPU.Build.0 = Debug|Any CPU
		{7F4E8154-19ED-4008-841A-CA463145156D}.Release|Any CPU.ActiveCfg = Release|Any CPU
		{7F4E8154-19ED-4008-841A-CA463145156D}.Release|Any CPU.Build.0 = Release|Any CPU
		{DC046552-C0F6-475E-8593-3F81A7BCD47F}.Debug|Any CPU.ActiveCfg = Debug|Any CPU
		{DC046552-C0F6-475E-8593-3F81A7BCD47F}.Debug|Any CPU.Build.0 = Debug|Any CPU
		{DC046552-C0F6-475E-8593-3F81A7BCD47F}.Release|Any CPU.ActiveCfg = Release|Any CPU
		{DC046552-C0F6-475E-8593-3F81A7BCD47F}.Release|Any CPU.Build.0 = Release|Any CPU
		{DB27CDC7-8785-4D5B-B94E-AE6F4B2EA8F7}.Debug|Any CPU.ActiveCfg = Debug|Any CPU
		{DB27CDC7-8785-4D5B-B94E-AE6F4B2EA8F7}.Debug|Any CPU.Build.0 = Debug|Any CPU
		{DB27CDC7-8785-4D5B-B94E-AE6F4B2EA8F7}.Release|Any CPU.ActiveCfg = Release|Any CPU
		{DB27CDC7-8785-4D5B-B94E-AE6F4B2EA8F7}.Release|Any CPU.Build.0 = Release|Any CPU
		{9A48A549-18E3-40B4-AD4F-01E01541DB82}.Debug|Any CPU.ActiveCfg = Debug|Any CPU
		{9A48A549-18E3-40B4-AD4F-01E01541DB82}.Debug|Any CPU.Build.0 = Debug|Any CPU
		{9A48A549-18E3-40B4-AD4F-01E01541DB82}.Release|Any CPU.ActiveCfg = Release|Any CPU
		{9A48A549-18E3-40B4-AD4F-01E01541DB82}.Release|Any CPU.Build.0 = Release|Any CPU
		{DDE54B48-71E4-4C1A-BB19-72DC8D5F38C2}.Debug|Any CPU.ActiveCfg = Debug|Any CPU
		{DDE54B48-71E4-4C1A-BB19-72DC8D5F38C2}.Debug|Any CPU.Build.0 = Debug|Any CPU
		{DDE54B48-71E4-4C1A-BB19-72DC8D5F38C2}.Release|Any CPU.ActiveCfg = Release|Any CPU
		{DDE54B48-71E4-4C1A-BB19-72DC8D5F38C2}.Release|Any CPU.Build.0 = Release|Any CPU
		{95C6775A-6361-44DF-B4E5-95700F0658BF}.Debug|Any CPU.ActiveCfg = Debug|Any CPU
		{95C6775A-6361-44DF-B4E5-95700F0658BF}.Debug|Any CPU.Build.0 = Debug|Any CPU
		{95C6775A-6361-44DF-B4E5-95700F0658BF}.Release|Any CPU.ActiveCfg = Release|Any CPU
		{95C6775A-6361-44DF-B4E5-95700F0658BF}.Release|Any CPU.Build.0 = Release|Any CPU
		{123D4B48-D1E0-42C6-BFD4-6ED5F4457B4A}.Debug|Any CPU.ActiveCfg = Debug|Any CPU
		{123D4B48-D1E0-42C6-BFD4-6ED5F4457B4A}.Debug|Any CPU.Build.0 = Debug|Any CPU
		{123D4B48-D1E0-42C6-BFD4-6ED5F4457B4A}.Release|Any CPU.ActiveCfg = Release|Any CPU
		{123D4B48-D1E0-42C6-BFD4-6ED5F4457B4A}.Release|Any CPU.Build.0 = Release|Any CPU
		{D95009F7-0177-4078-96A6-16FF27B5DA22}.Debug|Any CPU.ActiveCfg = Debug|Any CPU
		{D95009F7-0177-4078-96A6-16FF27B5DA22}.Debug|Any CPU.Build.0 = Debug|Any CPU
		{D95009F7-0177-4078-96A6-16FF27B5DA22}.Release|Any CPU.ActiveCfg = Release|Any CPU
		{D95009F7-0177-4078-96A6-16FF27B5DA22}.Release|Any CPU.Build.0 = Release|Any CPU
		{70278D2A-3D03-4131-8FBF-B36520A34ED3}.Debug|Any CPU.ActiveCfg = Debug|Any CPU
		{70278D2A-3D03-4131-8FBF-B36520A34ED3}.Debug|Any CPU.Build.0 = Debug|Any CPU
		{70278D2A-3D03-4131-8FBF-B36520A34ED3}.Release|Any CPU.ActiveCfg = Release|Any CPU
		{70278D2A-3D03-4131-8FBF-B36520A34ED3}.Release|Any CPU.Build.0 = Release|Any CPU
		{C83377DE-EEA0-4F17-BC2C-3B14ECBF88D3}.Debug|Any CPU.ActiveCfg = Debug|Any CPU
		{C83377DE-EEA0-4F17-BC2C-3B14ECBF88D3}.Debug|Any CPU.Build.0 = Debug|Any CPU
		{C83377DE-EEA0-4F17-BC2C-3B14ECBF88D3}.Release|Any CPU.ActiveCfg = Release|Any CPU
		{C83377DE-EEA0-4F17-BC2C-3B14ECBF88D3}.Release|Any CPU.Build.0 = Release|Any CPU
		{6822F056-5387-4E80-9648-8BE9F4288E09}.Debug|Any CPU.ActiveCfg = Debug|Any CPU
		{6822F056-5387-4E80-9648-8BE9F4288E09}.Debug|Any CPU.Build.0 = Debug|Any CPU
		{6822F056-5387-4E80-9648-8BE9F4288E09}.Release|Any CPU.ActiveCfg = Release|Any CPU
		{6822F056-5387-4E80-9648-8BE9F4288E09}.Release|Any CPU.Build.0 = Release|Any CPU
		{94DDFED2-EBB6-407F-BA59-A35F278D2A1F}.Debug|Any CPU.ActiveCfg = Debug|Any CPU
		{94DDFED2-EBB6-407F-BA59-A35F278D2A1F}.Debug|Any CPU.Build.0 = Debug|Any CPU
		{94DDFED2-EBB6-407F-BA59-A35F278D2A1F}.Release|Any CPU.ActiveCfg = Release|Any CPU
		{94DDFED2-EBB6-407F-BA59-A35F278D2A1F}.Release|Any CPU.Build.0 = Release|Any CPU
		{8C377B8F-7F21-418F-A6F4-72D5370F26FE}.Debug|Any CPU.ActiveCfg = Debug|Any CPU
		{8C377B8F-7F21-418F-A6F4-72D5370F26FE}.Debug|Any CPU.Build.0 = Debug|Any CPU
		{8C377B8F-7F21-418F-A6F4-72D5370F26FE}.Release|Any CPU.ActiveCfg = Release|Any CPU
		{8C377B8F-7F21-418F-A6F4-72D5370F26FE}.Release|Any CPU.Build.0 = Release|Any CPU
		{020A20C4-942F-4DBB-90E0-6BB1AD4084A0}.Debug|Any CPU.ActiveCfg = Debug|Any CPU
		{020A20C4-942F-4DBB-90E0-6BB1AD4084A0}.Debug|Any CPU.Build.0 = Debug|Any CPU
		{020A20C4-942F-4DBB-90E0-6BB1AD4084A0}.Release|Any CPU.ActiveCfg = Release|Any CPU
		{020A20C4-942F-4DBB-90E0-6BB1AD4084A0}.Release|Any CPU.Build.0 = Release|Any CPU
		{1225991E-E980-4FF6-B462-D9F6784A1925}.Debug|Any CPU.ActiveCfg = Debug|Any CPU
		{1225991E-E980-4FF6-B462-D9F6784A1925}.Debug|Any CPU.Build.0 = Debug|Any CPU
		{1225991E-E980-4FF6-B462-D9F6784A1925}.Release|Any CPU.ActiveCfg = Release|Any CPU
		{1225991E-E980-4FF6-B462-D9F6784A1925}.Release|Any CPU.Build.0 = Release|Any CPU
		{60D95D04-DA08-46E5-85EA-C5E9CFFAE545}.Debug|Any CPU.ActiveCfg = Debug|Any CPU
		{60D95D04-DA08-46E5-85EA-C5E9CFFAE545}.Debug|Any CPU.Build.0 = Debug|Any CPU
		{60D95D04-DA08-46E5-85EA-C5E9CFFAE545}.Release|Any CPU.ActiveCfg = Release|Any CPU
		{60D95D04-DA08-46E5-85EA-C5E9CFFAE545}.Release|Any CPU.Build.0 = Release|Any CPU
		{7721316B-4C48-4C59-8939-CFAC7CA074CE}.Debug|Any CPU.ActiveCfg = Debug|Any CPU
		{7721316B-4C48-4C59-8939-CFAC7CA074CE}.Debug|Any CPU.Build.0 = Debug|Any CPU
		{7721316B-4C48-4C59-8939-CFAC7CA074CE}.Release|Any CPU.ActiveCfg = Release|Any CPU
		{7721316B-4C48-4C59-8939-CFAC7CA074CE}.Release|Any CPU.Build.0 = Release|Any CPU
		{E2396A8F-25B7-4890-84F0-EEBC2B68A14B}.Debug|Any CPU.ActiveCfg = Debug|Any CPU
		{E2396A8F-25B7-4890-84F0-EEBC2B68A14B}.Debug|Any CPU.Build.0 = Debug|Any CPU
		{E2396A8F-25B7-4890-84F0-EEBC2B68A14B}.Release|Any CPU.ActiveCfg = Release|Any CPU
		{E2396A8F-25B7-4890-84F0-EEBC2B68A14B}.Release|Any CPU.Build.0 = Release|Any CPU
		{ACE86EC8-919E-4E74-9BB6-B8E4EFA9B85B}.Debug|Any CPU.ActiveCfg = Debug|Any CPU
		{ACE86EC8-919E-4E74-9BB6-B8E4EFA9B85B}.Debug|Any CPU.Build.0 = Debug|Any CPU
		{ACE86EC8-919E-4E74-9BB6-B8E4EFA9B85B}.Release|Any CPU.ActiveCfg = Release|Any CPU
		{ACE86EC8-919E-4E74-9BB6-B8E4EFA9B85B}.Release|Any CPU.Build.0 = Release|Any CPU
		{2EB8C332-5927-4983-B639-21D383710FCC}.Debug|Any CPU.ActiveCfg = Debug|Any CPU
		{2EB8C332-5927-4983-B639-21D383710FCC}.Debug|Any CPU.Build.0 = Debug|Any CPU
		{2EB8C332-5927-4983-B639-21D383710FCC}.Release|Any CPU.ActiveCfg = Release|Any CPU
		{2EB8C332-5927-4983-B639-21D383710FCC}.Release|Any CPU.Build.0 = Release|Any CPU
		{92BE0D01-D895-46DC-BC4E-0DD03B2740E6}.Debug|Any CPU.ActiveCfg = Debug|Any CPU
		{92BE0D01-D895-46DC-BC4E-0DD03B2740E6}.Debug|Any CPU.Build.0 = Debug|Any CPU
		{92BE0D01-D895-46DC-BC4E-0DD03B2740E6}.Release|Any CPU.ActiveCfg = Release|Any CPU
		{92BE0D01-D895-46DC-BC4E-0DD03B2740E6}.Release|Any CPU.Build.0 = Release|Any CPU
		{C14F0598-EB07-4909-AEB3-6304D0DA903A}.Debug|Any CPU.ActiveCfg = Debug|Any CPU
		{C14F0598-EB07-4909-AEB3-6304D0DA903A}.Debug|Any CPU.Build.0 = Debug|Any CPU
		{C14F0598-EB07-4909-AEB3-6304D0DA903A}.Release|Any CPU.ActiveCfg = Release|Any CPU
		{C14F0598-EB07-4909-AEB3-6304D0DA903A}.Release|Any CPU.Build.0 = Release|Any CPU
		{C9126177-69A1-4E72-A75D-6F93D864CDAB}.Debug|Any CPU.ActiveCfg = Debug|Any CPU
		{C9126177-69A1-4E72-A75D-6F93D864CDAB}.Debug|Any CPU.Build.0 = Debug|Any CPU
		{C9126177-69A1-4E72-A75D-6F93D864CDAB}.Release|Any CPU.ActiveCfg = Release|Any CPU
		{C9126177-69A1-4E72-A75D-6F93D864CDAB}.Release|Any CPU.Build.0 = Release|Any CPU
		{6F1D1036-9423-4D65-BD9A-0CB4A345C19A}.Debug|Any CPU.ActiveCfg = Debug|Any CPU
		{6F1D1036-9423-4D65-BD9A-0CB4A345C19A}.Debug|Any CPU.Build.0 = Debug|Any CPU
		{6F1D1036-9423-4D65-BD9A-0CB4A345C19A}.Release|Any CPU.ActiveCfg = Release|Any CPU
		{6F1D1036-9423-4D65-BD9A-0CB4A345C19A}.Release|Any CPU.Build.0 = Release|Any CPU
		{27847265-2109-432E-B134-B4DE77DDDADB}.Debug|Any CPU.ActiveCfg = Debug|Any CPU
		{27847265-2109-432E-B134-B4DE77DDDADB}.Debug|Any CPU.Build.0 = Debug|Any CPU
		{27847265-2109-432E-B134-B4DE77DDDADB}.Release|Any CPU.ActiveCfg = Release|Any CPU
		{27847265-2109-432E-B134-B4DE77DDDADB}.Release|Any CPU.Build.0 = Release|Any CPU
		{373C885A-57ED-48EB-8DCD-6BB446D68351}.Debug|Any CPU.ActiveCfg = Debug|Any CPU
		{373C885A-57ED-48EB-8DCD-6BB446D68351}.Debug|Any CPU.Build.0 = Debug|Any CPU
		{373C885A-57ED-48EB-8DCD-6BB446D68351}.Release|Any CPU.ActiveCfg = Release|Any CPU
		{373C885A-57ED-48EB-8DCD-6BB446D68351}.Release|Any CPU.Build.0 = Release|Any CPU
	EndGlobalSection
	GlobalSection(SolutionProperties) = preSolution
		HideSolutionNode = FALSE
	EndGlobalSection
	GlobalSection(NestedProjects) = preSolution
		{9A48A549-18E3-40B4-AD4F-01E01541DB82} = {9E860381-481A-4F59-9B7F-0A75A389324E}
		{DDE54B48-71E4-4C1A-BB19-72DC8D5F38C2} = {6D274B48-9E97-4D13-984C-C9EA7B8F227C}
		{95C6775A-6361-44DF-B4E5-95700F0658BF} = {9E860381-481A-4F59-9B7F-0A75A389324E}
		{123D4B48-D1E0-42C6-BFD4-6ED5F4457B4A} = {9E860381-481A-4F59-9B7F-0A75A389324E}
		{D95009F7-0177-4078-96A6-16FF27B5DA22} = {9E860381-481A-4F59-9B7F-0A75A389324E}
		{70278D2A-3D03-4131-8FBF-B36520A34ED3} = {9E860381-481A-4F59-9B7F-0A75A389324E}
		{C83377DE-EEA0-4F17-BC2C-3B14ECBF88D3} = {9E860381-481A-4F59-9B7F-0A75A389324E}
		{6822F056-5387-4E80-9648-8BE9F4288E09} = {6D274B48-9E97-4D13-984C-C9EA7B8F227C}
		{94DDFED2-EBB6-407F-BA59-A35F278D2A1F} = {6D274B48-9E97-4D13-984C-C9EA7B8F227C}
		{8C377B8F-7F21-418F-A6F4-72D5370F26FE} = {6D274B48-9E97-4D13-984C-C9EA7B8F227C}
		{020A20C4-942F-4DBB-90E0-6BB1AD4084A0} = {6D274B48-9E97-4D13-984C-C9EA7B8F227C}
		{1225991E-E980-4FF6-B462-D9F6784A1925} = {6D274B48-9E97-4D13-984C-C9EA7B8F227C}
		{60D95D04-DA08-46E5-85EA-C5E9CFFAE545} = {6D274B48-9E97-4D13-984C-C9EA7B8F227C}
		{7721316B-4C48-4C59-8939-CFAC7CA074CE} = {6D274B48-9E97-4D13-984C-C9EA7B8F227C}
		{E2396A8F-25B7-4890-84F0-EEBC2B68A14B} = {6D274B48-9E97-4D13-984C-C9EA7B8F227C}
		{ACE86EC8-919E-4E74-9BB6-B8E4EFA9B85B} = {6D274B48-9E97-4D13-984C-C9EA7B8F227C}
		{2EB8C332-5927-4983-B639-21D383710FCC} = {6D274B48-9E97-4D13-984C-C9EA7B8F227C}
		{92BE0D01-D895-46DC-BC4E-0DD03B2740E6} = {6D274B48-9E97-4D13-984C-C9EA7B8F227C}
		{C14F0598-EB07-4909-AEB3-6304D0DA903A} = {6D274B48-9E97-4D13-984C-C9EA7B8F227C}
		{C9126177-69A1-4E72-A75D-6F93D864CDAB} = {6D274B48-9E97-4D13-984C-C9EA7B8F227C}
		{6F1D1036-9423-4D65-BD9A-0CB4A345C19A} = {6D274B48-9E97-4D13-984C-C9EA7B8F227C}
		{27847265-2109-432E-B134-B4DE77DDDADB} = {6D274B48-9E97-4D13-984C-C9EA7B8F227C}
		{373C885A-57ED-48EB-8DCD-6BB446D68351} = {6D274B48-9E97-4D13-984C-C9EA7B8F227C}
	EndGlobalSection
	GlobalSection(ExtensibilityGlobals) = postSolution
		SolutionGuid = {46F39674-A8DA-4581-8C3C-FF6E69D5DC31}
	EndGlobalSection
EndGlobal
